
Microsoft Visual Studio Solution File, Format Version 12.00
# Visual Studio Version 17
VisualStudioVersion = 17.10.35013.160
MinimumVisualStudioVersion = 10.0.40219.1
Project("{9A19103F-16F7-4668-BE54-9A1E7A4F7556}") = "SanaCommerce.Database", "SanaCommerce.Database\SanaCommerce.Database.csproj", "{B2C29F1E-477E-4A2A-B827-C075EB3A105E}"
EndProject
Project("{2150E333-8FDC-42A3-9474-1A3956D46DE8}") = "Solution Items", "Solution Items", "{B6C6124A-6711-4F15-A690-78C793D604D7}"
	ProjectSection(SolutionItems) = preProject
		.editorconfig = .editorconfig
	EndProjectSection
EndProject
Project("{FAE04EC0-301F-11D3-BF4B-00C04F79EFBC}") = "SanaCommerceMinimalApi", "SanaCommerceMinimalApi\SanaCommerceMinimalApi.csproj", "{D7FC603F-1FA6-4261-91D4-F3FC81AE7936}"
EndProject
Project("{FAE04EC0-301F-11D3-BF4B-00C04F79EFBC}") = "SanaCommerce.GraphQL", "SanaCommerce.GraphQL\SanaCommerce.GraphQL.csproj", "{8103FE59-C1D4-49C2-A7FC-B1113E07AF27}"
EndProject
Global
	GlobalSection(SolutionConfigurationPlatforms) = preSolution
		Debug|Any CPU = Debug|Any CPU
		Release|Any CPU = Release|Any CPU
	EndGlobalSection
	GlobalSection(ProjectConfigurationPlatforms) = postSolution
		{B2C29F1E-477E-4A2A-B827-C075EB3A105E}.Debug|Any CPU.ActiveCfg = Debug|Any CPU
		{B2C29F1E-477E-4A2A-B827-C075EB3A105E}.Debug|Any CPU.Build.0 = Debug|Any CPU
		{B2C29F1E-477E-4A2A-B827-C075EB3A105E}.Release|Any CPU.ActiveCfg = Release|Any CPU
		{B2C29F1E-477E-4A2A-B827-C075EB3A105E}.Release|Any CPU.Build.0 = Release|Any CPU
		{D7FC603F-1FA6-4261-91D4-F3FC81AE7936}.Debug|Any CPU.ActiveCfg = Debug|Any CPU
		{D7FC603F-1FA6-4261-91D4-F3FC81AE7936}.Debug|Any CPU.Build.0 = Debug|Any CPU
		{D7FC603F-1FA6-4261-91D4-F3FC81AE7936}.Release|Any CPU.ActiveCfg = Release|Any CPU
		{D7FC603F-1FA6-4261-91D4-F3FC81AE7936}.Release|Any CPU.Build.0 = Release|Any CPU
		{8103FE59-C1D4-49C2-A7FC-B1113E07AF27}.Debug|Any CPU.ActiveCfg = Debug|Any CPU
		{8103FE59-C1D4-49C2-A7FC-B1113E07AF27}.Debug|Any CPU.Build.0 = Debug|Any CPU
		{8103FE59-C1D4-49C2-A7FC-B1113E07AF27}.Release|Any CPU.ActiveCfg = Release|Any CPU
		{8103FE59-C1D4-49C2-A7FC-B1113E07AF27}.Release|Any CPU.Build.0 = Release|Any CPU
	EndGlobalSection
	GlobalSection(SolutionProperties) = preSolution
		HideSolutionNode = FALSE
	EndGlobalSection
	GlobalSection(ExtensibilityGlobals) = postSolution
		SolutionGuid = {027C10EE-FB43-40F3-9B49-AA566CE4526B}
	EndGlobalSection
EndGlobal
